
Microsoft Visual Studio Solution File, Format Version 12.00
# Visual Studio Version 16
VisualStudioVersion = 16.0.31112.23
MinimumVisualStudioVersion = 10.0.40219.1
Project("{FAE04EC0-301F-11D3-BF4B-00C04F79EFBC}") = "Astrogator", "Astrogator.csproj", "{CEC82DBC-DA69-4A5B-B5F6-9DC62A6396B0}"
EndProject
Global
	GlobalSection(SolutionConfigurationPlatforms) = preSolution
		Debug|Any CPU = Debug|Any CPU
		Release|Any CPU = Release|Any CPU
	EndGlobalSection
	GlobalSection(ProjectConfigurationPlatforms) = postSolution
		{CEC82DBC-DA69-4A5B-B5F6-9DC62A6396B0}.Debug|Any CPU.ActiveCfg = Debug|Any CPU
		{CEC82DBC-DA69-4A5B-B5F6-9DC62A6396B0}.Debug|Any CPU.Build.0 = Debug|Any CPU
		{CEC82DBC-DA69-4A5B-B5F6-9DC62A6396B0}.Release|Any CPU.ActiveCfg = Release|Any CPU
		{CEC82DBC-DA69-4A5B-B5F6-9DC62A6396B0}.Release|Any CPU.Build.0 = Release|Any CPU
	EndGlobalSection
	GlobalSection(SolutionProperties) = preSolution
		HideSolutionNode = FALSE
	EndGlobalSection
	GlobalSection(ExtensibilityGlobals) = postSolution
		SolutionGuid = {416612F6-B06F-4AF3-A003-36783DA70D77}
	EndGlobalSection
EndGlobal
